
Microsoft Visual Studio Solution File, Format Version 12.00
# Visual Studio Version 17
VisualStudioVersion = 17.13.35818.85 d17.13
MinimumVisualStudioVersion = 10.0.40219.1
Project("{FAE04EC0-301F-11D3-BF4B-00C04F79EFBC}") = "Simple Inheritance", "Simple Inheritance\Simple Inheritance.csproj", "{07DCB863-86CD-4143-9E8E-673DAC852105}"
EndProject
Global
	GlobalSection(SolutionConfigurationPlatforms) = preSolution
		Debug|Any CPU = Debug|Any CPU
		Release|Any CPU = Release|Any CPU
	EndGlobalSection
	GlobalSection(ProjectConfigurationPlatforms) = postSolution
		{07DCB863-86CD-4143-9E8E-673DAC852105}.Debug|Any CPU.ActiveCfg = Debug|Any CPU
		{07DCB863-86CD-4143-9E8E-673DAC852105}.Debug|Any CPU.Build.0 = Debug|Any CPU
		{07DCB863-86CD-4143-9E8E-673DAC852105}.Release|Any CPU.ActiveCfg = Release|Any CPU
		{07DCB863-86CD-4143-9E8E-673DAC852105}.Release|Any CPU.Build.0 = Release|Any CPU
	EndGlobalSection
	GlobalSection(SolutionProperties) = preSolution
		HideSolutionNode = FALSE
	EndGlobalSection
	GlobalSection(ExtensibilityGlobals) = postSolution
		SolutionGuid = {C2BAEF42-9479-4A8D-8503-FB420178A2E7}
	EndGlobalSection
EndGlobal
