
Microsoft Visual Studio Solution File, Format Version 12.00
# Visual Studio Version 17
VisualStudioVersion = 17.13.35818.85 d17.13
MinimumVisualStudioVersion = 10.0.40219.1
Project("{FAE04EC0-301F-11D3-BF4B-00C04F79EFBC}") = "abstractclass", "abstractclass\abstractclass.csproj", "{E36CB0FA-3511-4AB0-A027-C7BC5EDF1AD2}"
EndProject
Global
	GlobalSection(SolutionConfigurationPlatforms) = preSolution
		Debug|Any CPU = Debug|Any CPU
		Release|Any CPU = Release|Any CPU
	EndGlobalSection
	GlobalSection(ProjectConfigurationPlatforms) = postSolution
		{E36CB0FA-3511-4AB0-A027-C7BC5EDF1AD2}.Debug|Any CPU.ActiveCfg = Debug|Any CPU
		{E36CB0FA-3511-4AB0-A027-C7BC5EDF1AD2}.Debug|Any CPU.Build.0 = Debug|Any CPU
		{E36CB0FA-3511-4AB0-A027-C7BC5EDF1AD2}.Release|Any CPU.ActiveCfg = Release|Any CPU
		{E36CB0FA-3511-4AB0-A027-C7BC5EDF1AD2}.Release|Any CPU.Build.0 = Release|Any CPU
	EndGlobalSection
	GlobalSection(SolutionProperties) = preSolution
		HideSolutionNode = FALSE
	EndGlobalSection
	GlobalSection(ExtensibilityGlobals) = postSolution
		SolutionGuid = {294C1F03-5A48-475D-A5F6-C89A9DED1BC8}
	EndGlobalSection
EndGlobal
