
Microsoft Visual Studio Solution File, Format Version 12.00
# Visual Studio Version 17
VisualStudioVersion = 17.13.35818.85 d17.13
MinimumVisualStudioVersion = 10.0.40219.1
Project("{FAE04EC0-301F-11D3-BF4B-00C04F79EFBC}") = "Method Overriding", "Method Overriding\Method Overriding.csproj", "{D04F35B3-9DE5-4A2C-AF09-B9DF6E3B91A6}"
EndProject
Global
	GlobalSection(SolutionConfigurationPlatforms) = preSolution
		Debug|Any CPU = Debug|Any CPU
		Release|Any CPU = Release|Any CPU
	EndGlobalSection
	GlobalSection(ProjectConfigurationPlatforms) = postSolution
		{D04F35B3-9DE5-4A2C-AF09-B9DF6E3B91A6}.Debug|Any CPU.ActiveCfg = Debug|Any CPU
		{D04F35B3-9DE5-4A2C-AF09-B9DF6E3B91A6}.Debug|Any CPU.Build.0 = Debug|Any CPU
		{D04F35B3-9DE5-4A2C-AF09-B9DF6E3B91A6}.Release|Any CPU.ActiveCfg = Release|Any CPU
		{D04F35B3-9DE5-4A2C-AF09-B9DF6E3B91A6}.Release|Any CPU.Build.0 = Release|Any CPU
	EndGlobalSection
	GlobalSection(SolutionProperties) = preSolution
		HideSolutionNode = FALSE
	EndGlobalSection
	GlobalSection(ExtensibilityGlobals) = postSolution
		SolutionGuid = {EB06EB3A-D014-4843-9958-DBA89FB386B7}
	EndGlobalSection
EndGlobal
