
Microsoft Visual Studio Solution File, Format Version 12.00
# Visual Studio Version 17
VisualStudioVersion = 17.13.35818.85 d17.13
MinimumVisualStudioVersion = 10.0.40219.1
Project("{FAE04EC0-301F-11D3-BF4B-00C04F79EFBC}") = "simpleconsole2", "simpleconsole2\simpleconsole2.csproj", "{1F73250E-E13C-4FB8-ABE4-444DC2F234C5}"
EndProject
Global
	GlobalSection(SolutionConfigurationPlatforms) = preSolution
		Debug|Any CPU = Debug|Any CPU
		Release|Any CPU = Release|Any CPU
	EndGlobalSection
	GlobalSection(ProjectConfigurationPlatforms) = postSolution
		{1F73250E-E13C-4FB8-ABE4-444DC2F234C5}.Debug|Any CPU.ActiveCfg = Debug|Any CPU
		{1F73250E-E13C-4FB8-ABE4-444DC2F234C5}.Debug|Any CPU.Build.0 = Debug|Any CPU
		{1F73250E-E13C-4FB8-ABE4-444DC2F234C5}.Release|Any CPU.ActiveCfg = Release|Any CPU
		{1F73250E-E13C-4FB8-ABE4-444DC2F234C5}.Release|Any CPU.Build.0 = Release|Any CPU
	EndGlobalSection
	GlobalSection(SolutionProperties) = preSolution
		HideSolutionNode = FALSE
	EndGlobalSection
	GlobalSection(ExtensibilityGlobals) = postSolution
		SolutionGuid = {9AFB0B5D-4E77-4840-9633-7C4F02599CF6}
	EndGlobalSection
EndGlobal
