
Microsoft Visual Studio Solution File, Format Version 12.00
# Visual Studio Version 17
VisualStudioVersion = 17.13.35818.85 d17.13
MinimumVisualStudioVersion = 10.0.40219.1
Project("{FAE04EC0-301F-11D3-BF4B-00C04F79EFBC}") = "Basic Interface Implementation", "Basic Interface Implementation\Basic Interface Implementation.csproj", "{FCCC992C-564A-4CF8-81A6-87BB12587B5A}"
EndProject
Global
	GlobalSection(SolutionConfigurationPlatforms) = preSolution
		Debug|Any CPU = Debug|Any CPU
		Release|Any CPU = Release|Any CPU
	EndGlobalSection
	GlobalSection(ProjectConfigurationPlatforms) = postSolution
		{FCCC992C-564A-4CF8-81A6-87BB12587B5A}.Debug|Any CPU.ActiveCfg = Debug|Any CPU
		{FCCC992C-564A-4CF8-81A6-87BB12587B5A}.Debug|Any CPU.Build.0 = Debug|Any CPU
		{FCCC992C-564A-4CF8-81A6-87BB12587B5A}.Release|Any CPU.ActiveCfg = Release|Any CPU
		{FCCC992C-564A-4CF8-81A6-87BB12587B5A}.Release|Any CPU.Build.0 = Release|Any CPU
	EndGlobalSection
	GlobalSection(SolutionProperties) = preSolution
		HideSolutionNode = FALSE
	EndGlobalSection
	GlobalSection(ExtensibilityGlobals) = postSolution
		SolutionGuid = {A19EEE73-6FF9-48BA-A6AF-807AB24EB859}
	EndGlobalSection
EndGlobal
